
Microsoft Visual Studio Solution File, Format Version 12.00
# Visual Studio Version 17
VisualStudioVersion = 17.8.34309.116
MinimumVisualStudioVersion = 10.0.40219.1
Project("{FAE04EC0-301F-11D3-BF4B-00C04F79EFBC}") = "sukkar_seker_stok_kontrol", "sukkar_seker_stok_kontrol\sukkar_seker_stok_kontrol.csproj", "{0B3ECCD9-CF08-41A7-B4FE-5CE976833C37}"
EndProject
Global
	GlobalSection(SolutionConfigurationPlatforms) = preSolution
		Debug|Any CPU = Debug|Any CPU
		Release|Any CPU = Release|Any CPU
	EndGlobalSection
	GlobalSection(ProjectConfigurationPlatforms) = postSolution
		{0B3ECCD9-CF08-41A7-B4FE-5CE976833C37}.Debug|Any CPU.ActiveCfg = Debug|Any CPU
		{0B3ECCD9-CF08-41A7-B4FE-5CE976833C37}.Debug|Any CPU.Build.0 = Debug|Any CPU
		{0B3ECCD9-CF08-41A7-B4FE-5CE976833C37}.Release|Any CPU.ActiveCfg = Release|Any CPU
		{0B3ECCD9-CF08-41A7-B4FE-5CE976833C37}.Release|Any CPU.Build.0 = Release|Any CPU
	EndGlobalSection
	GlobalSection(SolutionProperties) = preSolution
		HideSolutionNode = FALSE
	EndGlobalSection
	GlobalSection(ExtensibilityGlobals) = postSolution
		SolutionGuid = {37D2827D-82D5-44F1-A3C7-797D58A94D6F}
	EndGlobalSection
EndGlobal
